
Microsoft Visual Studio Solution File, Format Version 12.00
# Visual Studio 15
VisualStudioVersion = 15.0.28010.2046
MinimumVisualStudioVersion = 10.0.40219.1
Project("{FAE04EC0-301F-11D3-BF4B-00C04F79EFBC}") = "CentralizedBilling", "CentralizedBilling\CentralizedBilling.csproj", "{14B89438-8911-45F0-A7A5-F52A0697F893}"
EndProject
Project("{9A19103F-16F7-4668-BE54-9A1E7A4F7556}") = "CentralizedBilling.Infrastructure", "CentralizedBilling.Infrastructure\CentralizedBilling.Infrastructure.csproj", "{F8F45423-E1DE-4AC3-B529-591D4162EC51}"
EndProject
Global
	GlobalSection(SolutionConfigurationPlatforms) = preSolution
		Debug|Any CPU = Debug|Any CPU
		Release|Any CPU = Release|Any CPU
	EndGlobalSection
	GlobalSection(ProjectConfigurationPlatforms) = postSolution
		{14B89438-8911-45F0-A7A5-F52A0697F893}.Debug|Any CPU.ActiveCfg = Debug|Any CPU
		{14B89438-8911-45F0-A7A5-F52A0697F893}.Debug|Any CPU.Build.0 = Debug|Any CPU
		{14B89438-8911-45F0-A7A5-F52A0697F893}.Release|Any CPU.ActiveCfg = Release|Any CPU
		{14B89438-8911-45F0-A7A5-F52A0697F893}.Release|Any CPU.Build.0 = Release|Any CPU
		{F8F45423-E1DE-4AC3-B529-591D4162EC51}.Debug|Any CPU.ActiveCfg = Debug|Any CPU
		{F8F45423-E1DE-4AC3-B529-591D4162EC51}.Debug|Any CPU.Build.0 = Debug|Any CPU
		{F8F45423-E1DE-4AC3-B529-591D4162EC51}.Release|Any CPU.ActiveCfg = Release|Any CPU
		{F8F45423-E1DE-4AC3-B529-591D4162EC51}.Release|Any CPU.Build.0 = Release|Any CPU
	EndGlobalSection
	GlobalSection(SolutionProperties) = preSolution
		HideSolutionNode = FALSE
	EndGlobalSection
	GlobalSection(ExtensibilityGlobals) = postSolution
		SolutionGuid = {D91F6D9E-0422-429F-84F0-B3CC075CA9B9}
	EndGlobalSection
EndGlobal
